
Microsoft Visual Studio Solution File, Format Version 12.00
# Visual Studio Version 17
VisualStudioVersion = 17.13.35919.96
MinimumVisualStudioVersion = 10.0.40219.1
Project("{FAE04EC0-301F-11D3-BF4B-00C04F79EFBC}") = "ControleConsultas", "ControleConsultas.csproj", "{2DF32B6A-76D8-4DA0-B4EE-343334A5A4FF}"
EndProject
Global
	GlobalSection(SolutionConfigurationPlatforms) = preSolution
		Debug|Any CPU = Debug|Any CPU
		Release|Any CPU = Release|Any CPU
	EndGlobalSection
	GlobalSection(ProjectConfigurationPlatforms) = postSolution
		{2DF32B6A-76D8-4DA0-B4EE-343334A5A4FF}.Debug|Any CPU.ActiveCfg = Debug|Any CPU
		{2DF32B6A-76D8-4DA0-B4EE-343334A5A4FF}.Debug|Any CPU.Build.0 = Debug|Any CPU
		{2DF32B6A-76D8-4DA0-B4EE-343334A5A4FF}.Release|Any CPU.ActiveCfg = Release|Any CPU
		{2DF32B6A-76D8-4DA0-B4EE-343334A5A4FF}.Release|Any CPU.Build.0 = Release|Any CPU
	EndGlobalSection
	GlobalSection(SolutionProperties) = preSolution
		HideSolutionNode = FALSE
	EndGlobalSection
	GlobalSection(ExtensibilityGlobals) = postSolution
		SolutionGuid = {BC5E031F-E059-457F-A58A-E58774035320}
	EndGlobalSection
EndGlobal
