
Microsoft Visual Studio Solution File, Format Version 12.00
# Visual Studio Version 17
VisualStudioVersion = 17.14.36212.18
MinimumVisualStudioVersion = 10.0.40219.1
Project("{FAE04EC0-301F-11D3-BF4B-00C04F79EFBC}") = "WebApplication1", "WebApplication1.csproj", "{6C963521-C8C1-452C-847F-BADA1A6A129B}"
EndProject
Global
	GlobalSection(SolutionConfigurationPlatforms) = preSolution
		Debug|Any CPU = Debug|Any CPU
		Release|Any CPU = Release|Any CPU
	EndGlobalSection
	GlobalSection(ProjectConfigurationPlatforms) = postSolution
		{6C963521-C8C1-452C-847F-BADA1A6A129B}.Debug|Any CPU.ActiveCfg = Debug|Any CPU
		{6C963521-C8C1-452C-847F-BADA1A6A129B}.Debug|Any CPU.Build.0 = Debug|Any CPU
		{6C963521-C8C1-452C-847F-BADA1A6A129B}.Release|Any CPU.ActiveCfg = Release|Any CPU
		{6C963521-C8C1-452C-847F-BADA1A6A129B}.Release|Any CPU.Build.0 = Release|Any CPU
	EndGlobalSection
	GlobalSection(SolutionProperties) = preSolution
		HideSolutionNode = FALSE
	EndGlobalSection
	GlobalSection(ExtensibilityGlobals) = postSolution
		SolutionGuid = {D637A10E-32BE-4E59-8F2B-60C85B82CE3F}
	EndGlobalSection
EndGlobal
