
Microsoft Visual Studio Solution File, Format Version 12.00
# Visual Studio Version 17
VisualStudioVersion = 17.14.36212.18 d17.14
MinimumVisualStudioVersion = 10.0.40219.1
Project("{FAE04EC0-301F-11D3-BF4B-00C04F79EFBC}") = "Laços", "Laços.csproj", "{86A23D80-526E-4B9F-B7E2-7D296C8FE3F8}"
EndProject
Global
	GlobalSection(SolutionConfigurationPlatforms) = preSolution
		Debug|Any CPU = Debug|Any CPU
		Release|Any CPU = Release|Any CPU
	EndGlobalSection
	GlobalSection(ProjectConfigurationPlatforms) = postSolution
		{86A23D80-526E-4B9F-B7E2-7D296C8FE3F8}.Debug|Any CPU.ActiveCfg = Debug|Any CPU
		{86A23D80-526E-4B9F-B7E2-7D296C8FE3F8}.Debug|Any CPU.Build.0 = Debug|Any CPU
		{86A23D80-526E-4B9F-B7E2-7D296C8FE3F8}.Release|Any CPU.ActiveCfg = Release|Any CPU
		{86A23D80-526E-4B9F-B7E2-7D296C8FE3F8}.Release|Any CPU.Build.0 = Release|Any CPU
	EndGlobalSection
	GlobalSection(SolutionProperties) = preSolution
		HideSolutionNode = FALSE
	EndGlobalSection
	GlobalSection(ExtensibilityGlobals) = postSolution
		SolutionGuid = {2066A476-7535-42A2-B5FE-7039987F4DE9}
	EndGlobalSection
EndGlobal
