
Microsoft Visual Studio Solution File, Format Version 12.00
# Visual Studio Version 17
VisualStudioVersion = 17.13.35919.96 d17.13
MinimumVisualStudioVersion = 10.0.40219.1
Project("{FAE04EC0-301F-11D3-BF4B-00C04F79EFBC}") = "Conceitos Basicos", "Conceitos Basicos\Conceitos Basicos.csproj", "{55E585D7-E1B1-46FF-A7C0-BC4C214A6FC3}"
EndProject
Global
	GlobalSection(SolutionConfigurationPlatforms) = preSolution
		Debug|Any CPU = Debug|Any CPU
		Release|Any CPU = Release|Any CPU
	EndGlobalSection
	GlobalSection(ProjectConfigurationPlatforms) = postSolution
		{55E585D7-E1B1-46FF-A7C0-BC4C214A6FC3}.Debug|Any CPU.ActiveCfg = Debug|Any CPU
		{55E585D7-E1B1-46FF-A7C0-BC4C214A6FC3}.Debug|Any CPU.Build.0 = Debug|Any CPU
		{55E585D7-E1B1-46FF-A7C0-BC4C214A6FC3}.Release|Any CPU.ActiveCfg = Release|Any CPU
		{55E585D7-E1B1-46FF-A7C0-BC4C214A6FC3}.Release|Any CPU.Build.0 = Release|Any CPU
	EndGlobalSection
	GlobalSection(SolutionProperties) = preSolution
		HideSolutionNode = FALSE
	EndGlobalSection
	GlobalSection(ExtensibilityGlobals) = postSolution
		SolutionGuid = {6EF1E337-B09C-4ABA-9235-B85774F46AD0}
	EndGlobalSection
EndGlobal
